# THIS IS AN AUTOGENERATED FILE. DO NOT EDIT THIS FILE DIRECTLY.
# yarn lockfile v1


multi@^0.1.3:
  version "0.1.3"
  resolved "https://registry.yarnpkg.com/multi/-/multi-0.1.3.tgz#5af7a60fe660b011b7c01e5265749aed6a1bf21f"
  integrity sha1-WvemD+ZgsBG3wB5SZXSa7Wob8h8=
  dependencies:
    underscore "1.5.1"

sum@../intro-curriculum-3004:
  version "2.0.0"
  dependencies:
    multi "^0.1.3"

underscore@1.5.1:
  version "1.5.1"
  resolved "https://registry.yarnpkg.com/underscore/-/underscore-1.5.1.tgz#d2bde817d176ffade894ab71458e682a14b86dc9"
  integrity sha1-0r3oF9F2/63olKtxRY5oKhS4bck=
