# THIS IS AN AUTOGENERATED FILE. DO NOT EDIT THIS FILE DIRECTLY.
# yarn lockfile v1


porter-stemmer@0.9.1:
  version "0.9.1"
  resolved "https://registry.yarnpkg.com/porter-stemmer/-/porter-stemmer-0.9.1.tgz#a16ecea3abe44724ac88c1480021ea36baa21f9b"
  integrity sha1-oW7Oo6vkRySsiMFIACHqNrqiH5s=

sum@^0.1.4:
  version "0.1.4"
  resolved "https://registry.yarnpkg.com/sum/-/sum-0.1.4.tgz#be7ddb71a0d5e738b86bf5c2a61b35d5ae162c7e"
  integrity sha1-vn3bcaDV5zi4a/XCphs11a4WLH4=
  dependencies:
    porter-stemmer "0.9.1"
    underscore "1.7.0"
    underscore.string "3.0.3"

underscore.string@3.0.3:
  version "3.0.3"
  resolved "https://registry.yarnpkg.com/underscore.string/-/underscore.string-3.0.3.tgz#4617b8c1a250cf6e5064fbbb363d0fa96cf14552"
  integrity sha1-Rhe4waJQz25QZPu7Nj0PqWzxRVI=

underscore@1.7.0:
  version "1.7.0"
  resolved "https://registry.yarnpkg.com/underscore/-/underscore-1.7.0.tgz#6bbaf0877500d36be34ecaa584e0db9fef035209"
  integrity sha1-a7rwh3UA02vjTsqlhODbn+8DUgk=
